
Microsoft Visual Studio Solution File, Format Version 12.00
# Visual Studio Version 17
VisualStudioVersion = 17.5.33530.505
MinimumVisualStudioVersion = 10.0.40219.1
Project("{FAE04EC0-301F-11D3-BF4B-00C04F79EFBC}") = "InternApplProgram", "InternApplProgram\InternApplProgram.csproj", "{D37A188E-86A6-417E-BEF4-E86BE0D86454}"
EndProject
Project("{FAE04EC0-301F-11D3-BF4B-00C04F79EFBC}") = "InternApplAPI", "InternApplAPI\InternApplAPI.csproj", "{5B0A6E34-2453-492A-A9CA-1A9472DC3827}"
EndProject
Project("{FAE04EC0-301F-11D3-BF4B-00C04F79EFBC}") = "InternAppl.Domain", "InternAppl.Domain\InternAppl.Domain.csproj", "{20F97033-0F94-4E57-96B8-739A05A2D8C3}"
EndProject
Project("{FAE04EC0-301F-11D3-BF4B-00C04F79EFBC}") = "InternAppl.Infrastructure", "InternAppl.Infrastructure\InternAppl.Infrastructure.csproj", "{486CD208-07CB-47B9-9285-B8C84EE72FB3}"
EndProject
Project("{2150E333-8FDC-42A3-9474-1A3956D46DE8}") = "Solution Items", "Solution Items", "{3902D22F-6B48-447F-85AD-A3D4A7C952A3}"
	ProjectSection(SolutionItems) = preProject
		App.config = App.config
	EndProjectSection
EndProject
Global
	GlobalSection(SolutionConfigurationPlatforms) = preSolution
		Debug|Any CPU = Debug|Any CPU
		Release|Any CPU = Release|Any CPU
	EndGlobalSection
	GlobalSection(ProjectConfigurationPlatforms) = postSolution
		{D37A188E-86A6-417E-BEF4-E86BE0D86454}.Debug|Any CPU.ActiveCfg = Debug|Any CPU
		{D37A188E-86A6-417E-BEF4-E86BE0D86454}.Debug|Any CPU.Build.0 = Debug|Any CPU
		{D37A188E-86A6-417E-BEF4-E86BE0D86454}.Release|Any CPU.ActiveCfg = Release|Any CPU
		{D37A188E-86A6-417E-BEF4-E86BE0D86454}.Release|Any CPU.Build.0 = Release|Any CPU
		{5B0A6E34-2453-492A-A9CA-1A9472DC3827}.Debug|Any CPU.ActiveCfg = Debug|Any CPU
		{5B0A6E34-2453-492A-A9CA-1A9472DC3827}.Debug|Any CPU.Build.0 = Debug|Any CPU
		{5B0A6E34-2453-492A-A9CA-1A9472DC3827}.Release|Any CPU.ActiveCfg = Release|Any CPU
		{5B0A6E34-2453-492A-A9CA-1A9472DC3827}.Release|Any CPU.Build.0 = Release|Any CPU
		{20F97033-0F94-4E57-96B8-739A05A2D8C3}.Debug|Any CPU.ActiveCfg = Debug|Any CPU
		{20F97033-0F94-4E57-96B8-739A05A2D8C3}.Debug|Any CPU.Build.0 = Debug|Any CPU
		{20F97033-0F94-4E57-96B8-739A05A2D8C3}.Release|Any CPU.ActiveCfg = Release|Any CPU
		{20F97033-0F94-4E57-96B8-739A05A2D8C3}.Release|Any CPU.Build.0 = Release|Any CPU
		{486CD208-07CB-47B9-9285-B8C84EE72FB3}.Debug|Any CPU.ActiveCfg = Debug|Any CPU
		{486CD208-07CB-47B9-9285-B8C84EE72FB3}.Debug|Any CPU.Build.0 = Debug|Any CPU
		{486CD208-07CB-47B9-9285-B8C84EE72FB3}.Release|Any CPU.ActiveCfg = Release|Any CPU
		{486CD208-07CB-47B9-9285-B8C84EE72FB3}.Release|Any CPU.Build.0 = Release|Any CPU
	EndGlobalSection
	GlobalSection(SolutionProperties) = preSolution
		HideSolutionNode = FALSE
	EndGlobalSection
	GlobalSection(ExtensibilityGlobals) = postSolution
		SolutionGuid = {B822E285-F7D1-4D85-A0A7-D745DCF952C8}
	EndGlobalSection
EndGlobal
